
Microsoft Visual Studio Solution File, Format Version 12.00
# Visual Studio Version 17
VisualStudioVersion = 17.4.33205.214
MinimumVisualStudioVersion = 10.0.40219.1
Project("{9A19103F-16F7-4668-BE54-9A1E7A4F7556}") = "Kwetter Front end WASM", "Kwetter Front end WASM\Kwetter Front end WASM.csproj", "{A60C52FF-5661-4DCB-85C4-40BA79574E02}"
EndProject
Project("{FAE04EC0-301F-11D3-BF4B-00C04F79EFBC}") = "Kwetter Front end WASM.Test", "Kwetter Front end WASM.Test\Kwetter Front end WASM.Test.csproj", "{F7E205E4-F9F3-45B4-B652-C5BC0F592DFC}"
EndProject
Global
	GlobalSection(SolutionConfigurationPlatforms) = preSolution
		Debug|Any CPU = Debug|Any CPU
		Release|Any CPU = Release|Any CPU
	EndGlobalSection
	GlobalSection(ProjectConfigurationPlatforms) = postSolution
		{A60C52FF-5661-4DCB-85C4-40BA79574E02}.Debug|Any CPU.ActiveCfg = Debug|Any CPU
		{A60C52FF-5661-4DCB-85C4-40BA79574E02}.Debug|Any CPU.Build.0 = Debug|Any CPU
		{A60C52FF-5661-4DCB-85C4-40BA79574E02}.Release|Any CPU.ActiveCfg = Release|Any CPU
		{A60C52FF-5661-4DCB-85C4-40BA79574E02}.Release|Any CPU.Build.0 = Release|Any CPU
		{F7E205E4-F9F3-45B4-B652-C5BC0F592DFC}.Debug|Any CPU.ActiveCfg = Debug|Any CPU
		{F7E205E4-F9F3-45B4-B652-C5BC0F592DFC}.Debug|Any CPU.Build.0 = Debug|Any CPU
		{F7E205E4-F9F3-45B4-B652-C5BC0F592DFC}.Release|Any CPU.ActiveCfg = Release|Any CPU
		{F7E205E4-F9F3-45B4-B652-C5BC0F592DFC}.Release|Any CPU.Build.0 = Release|Any CPU
	EndGlobalSection
	GlobalSection(SolutionProperties) = preSolution
		HideSolutionNode = FALSE
	EndGlobalSection
	GlobalSection(ExtensibilityGlobals) = postSolution
		SolutionGuid = {E1D1336B-8C2D-4BDF-B963-83ECC1264E5A}
	EndGlobalSection
EndGlobal
